
Microsoft Visual Studio Solution File, Format Version 12.00
# Visual Studio Version 17
VisualStudioVersion = 17.9.34616.47
MinimumVisualStudioVersion = 10.0.40219.1
Project("{FAE04EC0-301F-11D3-BF4B-00C04F79EFBC}") = "Quite-Attick-Films", "Quite-Attick-Films\Quite-Attick-Films.csproj", "{182FA773-F8F7-4987-BAD9-A0D037D65D4E}"
EndProject
Global
	GlobalSection(SolutionConfigurationPlatforms) = preSolution
		Debug|Any CPU = Debug|Any CPU
		Release|Any CPU = Release|Any CPU
	EndGlobalSection
	GlobalSection(ProjectConfigurationPlatforms) = postSolution
		{182FA773-F8F7-4987-BAD9-A0D037D65D4E}.Debug|Any CPU.ActiveCfg = Debug|Any CPU
		{182FA773-F8F7-4987-BAD9-A0D037D65D4E}.Debug|Any CPU.Build.0 = Debug|Any CPU
		{182FA773-F8F7-4987-BAD9-A0D037D65D4E}.Release|Any CPU.ActiveCfg = Release|Any CPU
		{182FA773-F8F7-4987-BAD9-A0D037D65D4E}.Release|Any CPU.Build.0 = Release|Any CPU
	EndGlobalSection
	GlobalSection(SolutionProperties) = preSolution
		HideSolutionNode = FALSE
	EndGlobalSection
	GlobalSection(ExtensibilityGlobals) = postSolution
		SolutionGuid = {4CD297C6-9F3C-41EC-964B-217BBF8DC1DD}
	EndGlobalSection
EndGlobal
